
Microsoft Visual Studio Solution File, Format Version 12.00
# Visual Studio Version 17
VisualStudioVersion = 17.14.36203.30
MinimumVisualStudioVersion = 10.0.40219.1
Project("{FAE04EC0-301F-11D3-BF4B-00C04F79EFBC}") = "SkillLearning.Api", "Backend\SkillLearning.Api\SkillLearning.Api.csproj", "{8848C943-0F44-06D7-177C-323D41B5593E}"
EndProject
Project("{FAE04EC0-301F-11D3-BF4B-00C04F79EFBC}") = "SkillLearning.Application", "Backend\SkillLearning.Application\SkillLearning.Application.csproj", "{2A19091E-90AC-0F11-7F81-06EDA12BD44C}"
EndProject
Project("{FAE04EC0-301F-11D3-BF4B-00C04F79EFBC}") = "SkillLearning.Domain", "Backend\SkillLearning.Domain\SkillLearning.Domain.csproj", "{688A897B-4D2D-E43D-99C6-A80D4B40D069}"
EndProject
Project("{FAE04EC0-301F-11D3-BF4B-00C04F79EFBC}") = "SkillLearning.Infrastructure", "Backend\SkillLearning.Infrastructure\SkillLearning.Infrastructure.csproj", "{2E47FCEE-B864-E45F-43A4-29A9657D407D}"
EndProject
Project("{FAE04EC0-301F-11D3-BF4B-00C04F79EFBC}") = "SkillLearning.Workers.EmailSender", "Backend\SkillLearning.Workers.EmailSender\SkillLearning.Workers.EmailSender.csproj", "{6C8C81A1-47A1-4581-A0D5-50B29AB7F433}"
EndProject
Project("{FAE04EC0-301F-11D3-BF4B-00C04F79EFBC}") = "SkillLearning.Tests", "Backend\SkillLearning.Tests\SkillLearning.Tests.csproj", "{23BDCF92-D249-F76E-1CA1-B4E945410DA6}"
EndProject
Global
	GlobalSection(SolutionConfigurationPlatforms) = preSolution
		Debug|Any CPU = Debug|Any CPU
		Debug|x64 = Debug|x64
		Debug|x86 = Debug|x86
		Release|Any CPU = Release|Any CPU
		Release|x64 = Release|x64
		Release|x86 = Release|x86
	EndGlobalSection
	GlobalSection(ProjectConfigurationPlatforms) = postSolution
		{8848C943-0F44-06D7-177C-323D41B5593E}.Debug|Any CPU.ActiveCfg = Debug|Any CPU
		{8848C943-0F44-06D7-177C-323D41B5593E}.Debug|Any CPU.Build.0 = Debug|Any CPU
		{8848C943-0F44-06D7-177C-323D41B5593E}.Debug|x64.ActiveCfg = Debug|Any CPU
		{8848C943-0F44-06D7-177C-323D41B5593E}.Debug|x64.Build.0 = Debug|Any CPU
		{8848C943-0F44-06D7-177C-323D41B5593E}.Debug|x86.ActiveCfg = Debug|Any CPU
		{8848C943-0F44-06D7-177C-323D41B5593E}.Debug|x86.Build.0 = Debug|Any CPU
		{8848C943-0F44-06D7-177C-323D41B5593E}.Release|Any CPU.ActiveCfg = Release|Any CPU
		{8848C943-0F44-06D7-177C-323D41B5593E}.Release|Any CPU.Build.0 = Release|Any CPU
		{8848C943-0F44-06D7-177C-323D41B5593E}.Release|x64.ActiveCfg = Release|Any CPU
		{8848C943-0F44-06D7-177C-323D41B5593E}.Release|x64.Build.0 = Release|Any CPU
		{8848C943-0F44-06D7-177C-323D41B5593E}.Release|x86.ActiveCfg = Release|Any CPU
		{8848C943-0F44-06D7-177C-323D41B5593E}.Release|x86.Build.0 = Release|Any CPU
		{2A19091E-90AC-0F11-7F81-06EDA12BD44C}.Debug|Any CPU.ActiveCfg = Debug|Any CPU
		{2A19091E-90AC-0F11-7F81-06EDA12BD44C}.Debug|Any CPU.Build.0 = Debug|Any CPU
		{2A19091E-90AC-0F11-7F81-06EDA12BD44C}.Debug|x64.ActiveCfg = Debug|Any CPU
		{2A19091E-90AC-0F11-7F81-06EDA12BD44C}.Debug|x64.Build.0 = Debug|Any CPU
		{2A19091E-90AC-0F11-7F81-06EDA12BD44C}.Debug|x86.ActiveCfg = Debug|Any CPU
		{2A19091E-90AC-0F11-7F81-06EDA12BD44C}.Debug|x86.Build.0 = Debug|Any CPU
		{2A19091E-90AC-0F11-7F81-06EDA12BD44C}.Release|Any CPU.ActiveCfg = Release|Any CPU
		{2A19091E-90AC-0F11-7F81-06EDA12BD44C}.Release|Any CPU.Build.0 = Release|Any CPU
		{2A19091E-90AC-0F11-7F81-06EDA12BD44C}.Release|x64.ActiveCfg = Release|Any CPU
		{2A19091E-90AC-0F11-7F81-06EDA12BD44C}.Release|x64.Build.0 = Release|Any CPU
		{2A19091E-90AC-0F11-7F81-06EDA12BD44C}.Release|x86.ActiveCfg = Release|Any CPU
		{2A19091E-90AC-0F11-7F81-06EDA12BD44C}.Release|x86.Build.0 = Release|Any CPU
		{688A897B-4D2D-E43D-99C6-A80D4B40D069}.Debug|Any CPU.ActiveCfg = Debug|Any CPU
		{688A897B-4D2D-E43D-99C6-A80D4B40D069}.Debug|Any CPU.Build.0 = Debug|Any CPU
		{688A897B-4D2D-E43D-99C6-A80D4B40D069}.Debug|x64.ActiveCfg = Debug|Any CPU
		{688A897B-4D2D-E43D-99C6-A80D4B40D069}.Debug|x64.Build.0 = Debug|Any CPU
		{688A897B-4D2D-E43D-99C6-A80D4B40D069}.Debug|x86.ActiveCfg = Debug|Any CPU
		{688A897B-4D2D-E43D-99C6-A80D4B40D069}.Debug|x86.Build.0 = Debug|Any CPU
		{688A897B-4D2D-E43D-99C6-A80D4B40D069}.Release|Any CPU.ActiveCfg = Release|Any CPU
		{688A897B-4D2D-E43D-99C6-A80D4B40D069}.Release|Any CPU.Build.0 = Release|Any CPU
		{688A897B-4D2D-E43D-99C6-A80D4B40D069}.Release|x64.ActiveCfg = Release|Any CPU
		{688A897B-4D2D-E43D-99C6-A80D4B40D069}.Release|x64.Build.0 = Release|Any CPU
		{688A897B-4D2D-E43D-99C6-A80D4B40D069}.Release|x86.ActiveCfg = Release|Any CPU
		{688A897B-4D2D-E43D-99C6-A80D4B40D069}.Release|x86.Build.0 = Release|Any CPU
		{2E47FCEE-B864-E45F-43A4-29A9657D407D}.Debug|Any CPU.ActiveCfg = Debug|Any CPU
		{2E47FCEE-B864-E45F-43A4-29A9657D407D}.Debug|Any CPU.Build.0 = Debug|Any CPU
		{2E47FCEE-B864-E45F-43A4-29A9657D407D}.Debug|x64.ActiveCfg = Debug|Any CPU
		{2E47FCEE-B864-E45F-43A4-29A9657D407D}.Debug|x64.Build.0 = Debug|Any CPU
		{2E47FCEE-B864-E45F-43A4-29A9657D407D}.Debug|x86.ActiveCfg = Debug|Any CPU
		{2E47FCEE-B864-E45F-43A4-29A9657D407D}.Debug|x86.Build.0 = Debug|Any CPU
		{2E47FCEE-B864-E45F-43A4-29A9657D407D}.Release|Any CPU.ActiveCfg = Release|Any CPU
		{2E47FCEE-B864-E45F-43A4-29A9657D407D}.Release|Any CPU.Build.0 = Release|Any CPU
		{2E47FCEE-B864-E45F-43A4-29A9657D407D}.Release|x64.ActiveCfg = Release|Any CPU
		{2E47FCEE-B864-E45F-43A4-29A9657D407D}.Release|x64.Build.0 = Release|Any CPU
		{2E47FCEE-B864-E45F-43A4-29A9657D407D}.Release|x86.ActiveCfg = Release|Any CPU
		{2E47FCEE-B864-E45F-43A4-29A9657D407D}.Release|x86.Build.0 = Release|Any CPU
		{6C8C81A1-47A1-4581-A0D5-50B29AB7F433}.Debug|Any CPU.ActiveCfg = Debug|Any CPU
		{6C8C81A1-47A1-4581-A0D5-50B29AB7F433}.Debug|Any CPU.Build.0 = Debug|Any CPU
		{6C8C81A1-47A1-4581-A0D5-50B29AB7F433}.Debug|x64.ActiveCfg = Debug|Any CPU
		{6C8C81A1-47A1-4581-A0D5-50B29AB7F433}.Debug|x64.Build.0 = Debug|Any CPU
		{6C8C81A1-47A1-4581-A0D5-50B29AB7F433}.Debug|x86.ActiveCfg = Debug|Any CPU
		{6C8C81A1-47A1-4581-A0D5-50B29AB7F433}.Debug|x86.Build.0 = Debug|Any CPU
		{6C8C81A1-47A1-4581-A0D5-50B29AB7F433}.Release|Any CPU.ActiveCfg = Release|Any CPU
		{6C8C81A1-47A1-4581-A0D5-50B29AB7F433}.Release|Any CPU.Build.0 = Release|Any CPU
		{6C8C81A1-47A1-4581-A0D5-50B29AB7F433}.Release|x64.ActiveCfg = Release|Any CPU
		{6C8C81A1-47A1-4581-A0D5-50B29AB7F433}.Release|x64.Build.0 = Release|Any CPU
		{6C8C81A1-47A1-4581-A0D5-50B29AB7F433}.Release|x86.ActiveCfg = Release|Any CPU
		{6C8C81A1-47A1-4581-A0D5-50B29AB7F433}.Release|x86.Build.0 = Release|Any CPU
		{23BDCF92-D249-F76E-1CA1-B4E945410DA6}.Debug|Any CPU.ActiveCfg = Debug|Any CPU
		{23BDCF92-D249-F76E-1CA1-B4E945410DA6}.Debug|Any CPU.Build.0 = Debug|Any CPU
		{23BDCF92-D249-F76E-1CA1-B4E945410DA6}.Debug|x64.ActiveCfg = Debug|Any CPU
		{23BDCF92-D249-F76E-1CA1-B4E945410DA6}.Debug|x64.Build.0 = Debug|Any CPU
		{23BDCF92-D249-F76E-1CA1-B4E945410DA6}.Debug|x86.ActiveCfg = Debug|Any CPU
		{23BDCF92-D249-F76E-1CA1-B4E945410DA6}.Debug|x86.Build.0 = Debug|Any CPU
		{23BDCF92-D249-F76E-1CA1-B4E945410DA6}.Release|Any CPU.ActiveCfg = Release|Any CPU
		{23BDCF92-D249-F76E-1CA1-B4E945410DA6}.Release|Any CPU.Build.0 = Release|Any CPU
		{23BDCF92-D249-F76E-1CA1-B4E945410DA6}.Release|x64.ActiveCfg = Release|Any CPU
		{23BDCF92-D249-F76E-1CA1-B4E945410DA6}.Release|x64.Build.0 = Release|Any CPU
		{23BDCF92-D249-F76E-1CA1-B4E945410DA6}.Release|x86.ActiveCfg = Release|Any CPU
		{23BDCF92-D249-F76E-1CA1-B4E945410DA6}.Release|x86.Build.0 = Release|Any CPU
	EndGlobalSection
	GlobalSection(SolutionProperties) = preSolution
		HideSolutionNode = FALSE
	EndGlobalSection
	GlobalSection(ExtensibilityGlobals) = postSolution
		SolutionGuid = {756D668A-2062-4104-A538-1F608D1221B3}
	EndGlobalSection
EndGlobal
